
Microsoft Visual Studio Solution File, Format Version 12.00
# Visual Studio Version 17
VisualStudioVersion = 17.14.36310.24 d17.14
MinimumVisualStudioVersion = 10.0.40219.1
Project("{2150E333-8FDC-42A3-9474-1A3956D46DE8}") = "Database", "Database", "{02EA681E-C7D8-13C7-8484-4AC65E1B71E8}"
EndProject
Project("{FAE04EC0-301F-11D3-BF4B-00C04F79EFBC}") = "DB", "DB\DB.csproj", "{C1193877-05CA-EE41-D8E4-EF46CB59A360}"
EndProject
Project("{2150E333-8FDC-42A3-9474-1A3956D46DE8}") = "Dependencies", "Dependencies", "{A7A89251-58C5-4701-B1D4-6E471AC4AAE0}"
	ProjectSection(SolutionItems) = preProject
		ReadMe.txt = ReadMe.txt
	EndProjectSection
EndProject
Project("{2150E333-8FDC-42A3-9474-1A3956D46DE8}") = "MainApp", "MainApp", "{3BE96C1E-EB68-422A-98EF-617DC2CE28F8}"
EndProject
Project("{FAE04EC0-301F-11D3-BF4B-00C04F79EFBC}") = "AssetInspector2", "AssetInspector2\AssetInspector2.csproj", "{67968864-8586-EFD0-6773-FCE5FAD47FB1}"
EndProject
Project("{FAE04EC0-301F-11D3-BF4B-00C04F79EFBC}") = "Authentication", "Dependencies\Authentication\Authentication.csproj", "{7957332A-9B8B-A6E5-07A7-EFD5FB4610D6}"
EndProject
Project("{FAE04EC0-301F-11D3-BF4B-00C04F79EFBC}") = "Encryption", "Dependencies\Encryption\Encryption.csproj", "{9F16FEE9-2340-BA53-6E1D-AD965363E968}"
EndProject
Project("{FAE04EC0-301F-11D3-BF4B-00C04F79EFBC}") = "Menus", "Dependencies\Menus\Menus.csproj", "{7003D9BE-5F93-EE5C-9F9F-C901D0B5016C}"
EndProject
Project("{FAE04EC0-301F-11D3-BF4B-00C04F79EFBC}") = "LoginManager", "Dependencies\UserManager\LoginManager.csproj", "{27F7EC4B-E299-D8CE-5C9D-3CF17DC32945}"
EndProject
Project("{FAE04EC0-301F-11D3-BF4B-00C04F79EFBC}") = "ApplicationUser", "Dependencies\ApplicationUser\ApplicationUser.csproj", "{28CC846A-FE8B-DD22-95DE-D2E44F4E156E}"
EndProject
Global
	GlobalSection(SolutionConfigurationPlatforms) = preSolution
		Debug|Any CPU = Debug|Any CPU
		Release|Any CPU = Release|Any CPU
	EndGlobalSection
	GlobalSection(ProjectConfigurationPlatforms) = postSolution
		{C1193877-05CA-EE41-D8E4-EF46CB59A360}.Debug|Any CPU.ActiveCfg = Debug|Any CPU
		{C1193877-05CA-EE41-D8E4-EF46CB59A360}.Debug|Any CPU.Build.0 = Debug|Any CPU
		{C1193877-05CA-EE41-D8E4-EF46CB59A360}.Release|Any CPU.ActiveCfg = Release|Any CPU
		{C1193877-05CA-EE41-D8E4-EF46CB59A360}.Release|Any CPU.Build.0 = Release|Any CPU
		{67968864-8586-EFD0-6773-FCE5FAD47FB1}.Debug|Any CPU.ActiveCfg = Debug|Any CPU
		{67968864-8586-EFD0-6773-FCE5FAD47FB1}.Debug|Any CPU.Build.0 = Debug|Any CPU
		{67968864-8586-EFD0-6773-FCE5FAD47FB1}.Release|Any CPU.ActiveCfg = Release|Any CPU
		{67968864-8586-EFD0-6773-FCE5FAD47FB1}.Release|Any CPU.Build.0 = Release|Any CPU
		{7957332A-9B8B-A6E5-07A7-EFD5FB4610D6}.Debug|Any CPU.ActiveCfg = Debug|Any CPU
		{7957332A-9B8B-A6E5-07A7-EFD5FB4610D6}.Debug|Any CPU.Build.0 = Debug|Any CPU
		{7957332A-9B8B-A6E5-07A7-EFD5FB4610D6}.Release|Any CPU.ActiveCfg = Release|Any CPU
		{7957332A-9B8B-A6E5-07A7-EFD5FB4610D6}.Release|Any CPU.Build.0 = Release|Any CPU
		{9F16FEE9-2340-BA53-6E1D-AD965363E968}.Debug|Any CPU.ActiveCfg = Debug|Any CPU
		{9F16FEE9-2340-BA53-6E1D-AD965363E968}.Debug|Any CPU.Build.0 = Debug|Any CPU
		{9F16FEE9-2340-BA53-6E1D-AD965363E968}.Release|Any CPU.ActiveCfg = Release|Any CPU
		{9F16FEE9-2340-BA53-6E1D-AD965363E968}.Release|Any CPU.Build.0 = Release|Any CPU
		{7003D9BE-5F93-EE5C-9F9F-C901D0B5016C}.Debug|Any CPU.ActiveCfg = Debug|Any CPU
		{7003D9BE-5F93-EE5C-9F9F-C901D0B5016C}.Debug|Any CPU.Build.0 = Debug|Any CPU
		{7003D9BE-5F93-EE5C-9F9F-C901D0B5016C}.Release|Any CPU.ActiveCfg = Release|Any CPU
		{7003D9BE-5F93-EE5C-9F9F-C901D0B5016C}.Release|Any CPU.Build.0 = Release|Any CPU
		{27F7EC4B-E299-D8CE-5C9D-3CF17DC32945}.Debug|Any CPU.ActiveCfg = Debug|Any CPU
		{27F7EC4B-E299-D8CE-5C9D-3CF17DC32945}.Debug|Any CPU.Build.0 = Debug|Any CPU
		{27F7EC4B-E299-D8CE-5C9D-3CF17DC32945}.Release|Any CPU.ActiveCfg = Release|Any CPU
		{27F7EC4B-E299-D8CE-5C9D-3CF17DC32945}.Release|Any CPU.Build.0 = Release|Any CPU
		{28CC846A-FE8B-DD22-95DE-D2E44F4E156E}.Debug|Any CPU.ActiveCfg = Debug|Any CPU
		{28CC846A-FE8B-DD22-95DE-D2E44F4E156E}.Debug|Any CPU.Build.0 = Debug|Any CPU
		{28CC846A-FE8B-DD22-95DE-D2E44F4E156E}.Release|Any CPU.ActiveCfg = Release|Any CPU
		{28CC846A-FE8B-DD22-95DE-D2E44F4E156E}.Release|Any CPU.Build.0 = Release|Any CPU
	EndGlobalSection
	GlobalSection(SolutionProperties) = preSolution
		HideSolutionNode = FALSE
	EndGlobalSection
	GlobalSection(NestedProjects) = preSolution
		{02EA681E-C7D8-13C7-8484-4AC65E1B71E8} = {3BE96C1E-EB68-422A-98EF-617DC2CE28F8}
		{C1193877-05CA-EE41-D8E4-EF46CB59A360} = {02EA681E-C7D8-13C7-8484-4AC65E1B71E8}
		{A7A89251-58C5-4701-B1D4-6E471AC4AAE0} = {3BE96C1E-EB68-422A-98EF-617DC2CE28F8}
		{67968864-8586-EFD0-6773-FCE5FAD47FB1} = {3BE96C1E-EB68-422A-98EF-617DC2CE28F8}
		{7957332A-9B8B-A6E5-07A7-EFD5FB4610D6} = {A7A89251-58C5-4701-B1D4-6E471AC4AAE0}
		{9F16FEE9-2340-BA53-6E1D-AD965363E968} = {A7A89251-58C5-4701-B1D4-6E471AC4AAE0}
		{7003D9BE-5F93-EE5C-9F9F-C901D0B5016C} = {A7A89251-58C5-4701-B1D4-6E471AC4AAE0}
		{27F7EC4B-E299-D8CE-5C9D-3CF17DC32945} = {A7A89251-58C5-4701-B1D4-6E471AC4AAE0}
		{28CC846A-FE8B-DD22-95DE-D2E44F4E156E} = {A7A89251-58C5-4701-B1D4-6E471AC4AAE0}
	EndGlobalSection
	GlobalSection(ExtensibilityGlobals) = postSolution
		SolutionGuid = {F6DE0DF0-F236-4BE0-8051-FDF84685A78E}
	EndGlobalSection
EndGlobal
